
Microsoft Visual Studio Solution File, Format Version 12.00
# Visual Studio Version 17
VisualStudioVersion = 17.9.34701.34
MinimumVisualStudioVersion = 10.0.40219.1
Project("{8BC9CEB8-8B4A-11D0-8D11-00A0C91BC942}") = "test", "test.vcxproj", "{A6109513-5412-486A-BCF5-1D753CE9C9FC}"
EndProject
Global
	GlobalSection(SolutionConfigurationPlatforms) = preSolution
		Debug|x64 = Debug|x64
		Debug|x86 = Debug|x86
		Release|x64 = Release|x64
		Release|x86 = Release|x86
	EndGlobalSection
	GlobalSection(ProjectConfigurationPlatforms) = postSolution
		{A6109513-5412-486A-BCF5-1D753CE9C9FC}.Debug|x64.ActiveCfg = Debug|x64
		{A6109513-5412-486A-BCF5-1D753CE9C9FC}.Debug|x64.Build.0 = Debug|x64
		{A6109513-5412-486A-BCF5-1D753CE9C9FC}.Debug|x86.ActiveCfg = Debug|Win32
		{A6109513-5412-486A-BCF5-1D753CE9C9FC}.Debug|x86.Build.0 = Debug|Win32
		{A6109513-5412-486A-BCF5-1D753CE9C9FC}.Release|x64.ActiveCfg = Release|x64
		{A6109513-5412-486A-BCF5-1D753CE9C9FC}.Release|x64.Build.0 = Release|x64
		{A6109513-5412-486A-BCF5-1D753CE9C9FC}.Release|x86.ActiveCfg = Release|Win32
		{A6109513-5412-486A-BCF5-1D753CE9C9FC}.Release|x86.Build.0 = Release|Win32
	EndGlobalSection
	GlobalSection(SolutionProperties) = preSolution
		HideSolutionNode = FALSE
	EndGlobalSection
	GlobalSection(ExtensibilityGlobals) = postSolution
		SolutionGuid = {F5DE2415-B478-4287-88BA-3BEA0D01D1A9}
	EndGlobalSection
EndGlobal
